
Microsoft Visual Studio Solution File, Format Version 12.00
# Visual Studio Version 17
VisualStudioVersion = 17.3.32922.545
MinimumVisualStudioVersion = 10.0.40219.1
Project("{9A19103F-16F7-4668-BE54-9A1E7A4F7556}") = "TaskManager.Core", "TaskManager.Core\TaskManager.Core.csproj", "{9FDA227E-67A3-4159-8B6C-6328158CF372}"
EndProject
Project("{9A19103F-16F7-4668-BE54-9A1E7A4F7556}") = "TaskManager.Console", "TaskManager.Console\TaskManager.Console.csproj", "{D25FE0F7-10D7-4D11-92FD-E76470763947}"
EndProject
Project("{9A19103F-16F7-4668-BE54-9A1E7A4F7556}") = "TaskManager.Core.Tests", "TaskManager.Core.Tests\TaskManager.Core.Tests.csproj", "{FAA83120-365A-4F10-A8C1-C4401AF7906A}"
EndProject
Project("{FAE04EC0-301F-11D3-BF4B-00C04F79EFBC}") = "TaskManager.Client", "TaskManager.Client\TaskManager.Client.csproj", "{0E28D63C-0560-404B-869A-C9161A0CC1DC}"
EndProject
Global
	GlobalSection(SolutionConfigurationPlatforms) = preSolution
		Debug|Any CPU = Debug|Any CPU
		Release|Any CPU = Release|Any CPU
	EndGlobalSection
	GlobalSection(ProjectConfigurationPlatforms) = postSolution
		{9FDA227E-67A3-4159-8B6C-6328158CF372}.Debug|Any CPU.ActiveCfg = Debug|Any CPU
		{9FDA227E-67A3-4159-8B6C-6328158CF372}.Debug|Any CPU.Build.0 = Debug|Any CPU
		{9FDA227E-67A3-4159-8B6C-6328158CF372}.Release|Any CPU.ActiveCfg = Release|Any CPU
		{9FDA227E-67A3-4159-8B6C-6328158CF372}.Release|Any CPU.Build.0 = Release|Any CPU
		{D25FE0F7-10D7-4D11-92FD-E76470763947}.Debug|Any CPU.ActiveCfg = Debug|Any CPU
		{D25FE0F7-10D7-4D11-92FD-E76470763947}.Debug|Any CPU.Build.0 = Debug|Any CPU
		{D25FE0F7-10D7-4D11-92FD-E76470763947}.Release|Any CPU.ActiveCfg = Release|Any CPU
		{D25FE0F7-10D7-4D11-92FD-E76470763947}.Release|Any CPU.Build.0 = Release|Any CPU
		{FAA83120-365A-4F10-A8C1-C4401AF7906A}.Debug|Any CPU.ActiveCfg = Debug|Any CPU
		{FAA83120-365A-4F10-A8C1-C4401AF7906A}.Debug|Any CPU.Build.0 = Debug|Any CPU
		{FAA83120-365A-4F10-A8C1-C4401AF7906A}.Release|Any CPU.ActiveCfg = Release|Any CPU
		{FAA83120-365A-4F10-A8C1-C4401AF7906A}.Release|Any CPU.Build.0 = Release|Any CPU
		{0E28D63C-0560-404B-869A-C9161A0CC1DC}.Debug|Any CPU.ActiveCfg = Debug|Any CPU
		{0E28D63C-0560-404B-869A-C9161A0CC1DC}.Debug|Any CPU.Build.0 = Debug|Any CPU
		{0E28D63C-0560-404B-869A-C9161A0CC1DC}.Release|Any CPU.ActiveCfg = Release|Any CPU
		{0E28D63C-0560-404B-869A-C9161A0CC1DC}.Release|Any CPU.Build.0 = Release|Any CPU
	EndGlobalSection
	GlobalSection(SolutionProperties) = preSolution
		HideSolutionNode = FALSE
	EndGlobalSection
	GlobalSection(ExtensibilityGlobals) = postSolution
		SolutionGuid = {59CFB1A9-E177-47A7-A0B0-101D646B98A9}
	EndGlobalSection
EndGlobal
