
Microsoft Visual Studio Solution File, Format Version 12.00
# Visual Studio Version 17
VisualStudioVersion = 17.7.34202.233
MinimumVisualStudioVersion = 10.0.40219.1
Project("{9A19103F-16F7-4668-BE54-9A1E7A4F7556}") = "TaskManager.Service", "TaskManager.Service\TaskManager.Service.csproj", "{10AADC72-4E69-46DA-99DE-AEF652DC0D93}"
EndProject
Project("{2150E333-8FDC-42A3-9474-1A3956D46DE8}") = "Solution Items", "Solution Items", "{A668DF39-CAB4-4FD8-972A-A2434F924A13}"
	ProjectSection(SolutionItems) = preProject
		.dockerignore = .dockerignore
		.gitignore = .gitignore
	EndProjectSection
EndProject
Project("{2150E333-8FDC-42A3-9474-1A3956D46DE8}") = "Docs", "Docs", "{6BC737E2-E62C-4FC4-A23D-01A3DBAD9F77}"
	ProjectSection(SolutionItems) = preProject
		Docs\DatabaseSchema.dbdiagram = Docs\DatabaseSchema.dbdiagram
		Docs\DatabaseSchema.png = Docs\DatabaseSchema.png
		README.md = README.md
	EndProjectSection
EndProject
Project("{2150E333-8FDC-42A3-9474-1A3956D46DE8}") = "GitHub", "GitHub", "{3D70A87B-18CC-4593-AA02-1D8CB54FB996}"
EndProject
Project("{2150E333-8FDC-42A3-9474-1A3956D46DE8}") = "workflows", "workflows", "{9E9FCB01-EE4A-420D-975D-2C3FAF02C460}"
	ProjectSection(SolutionItems) = preProject
		.github\workflows\labeler.yml = .github\workflows\labeler.yml
	EndProjectSection
EndProject
Global
	GlobalSection(SolutionConfigurationPlatforms) = preSolution
		Debug|Any CPU = Debug|Any CPU
		Release|Any CPU = Release|Any CPU
	EndGlobalSection
	GlobalSection(ProjectConfigurationPlatforms) = postSolution
		{10AADC72-4E69-46DA-99DE-AEF652DC0D93}.Debug|Any CPU.ActiveCfg = Debug|Any CPU
		{10AADC72-4E69-46DA-99DE-AEF652DC0D93}.Debug|Any CPU.Build.0 = Debug|Any CPU
		{10AADC72-4E69-46DA-99DE-AEF652DC0D93}.Release|Any CPU.ActiveCfg = Release|Any CPU
		{10AADC72-4E69-46DA-99DE-AEF652DC0D93}.Release|Any CPU.Build.0 = Release|Any CPU
	EndGlobalSection
	GlobalSection(SolutionProperties) = preSolution
		HideSolutionNode = FALSE
	EndGlobalSection
	GlobalSection(NestedProjects) = preSolution
		{9E9FCB01-EE4A-420D-975D-2C3FAF02C460} = {3D70A87B-18CC-4593-AA02-1D8CB54FB996}
	EndGlobalSection
	GlobalSection(ExtensibilityGlobals) = postSolution
		SolutionGuid = {37F6DF63-350D-4998-A560-5262A5A3C084}
	EndGlobalSection
EndGlobal
